
Microsoft Visual Studio Solution File, Format Version 12.00
# Visual Studio Version 17
VisualStudioVersion = 17.3.32901.215
MinimumVisualStudioVersion = 10.0.40219.1
Project("{9A19103F-16F7-4668-BE54-9A1E7A4F7556}") = "SchoolDomain", "SchoolDomain\SchoolDomain.csproj", "{265160DB-11CB-4B03-8DD2-7A5E92BED81D}"
EndProject
Project("{9A19103F-16F7-4668-BE54-9A1E7A4F7556}") = "DataAccess", "DataAccess\DataAccess.csproj", "{C2859A15-AC85-4186-9F7F-36C9778523D5}"
EndProject
Project("{FAE04EC0-301F-11D3-BF4B-00C04F79EFBC}") = "School.API", "School.API\School.API.csproj", "{80BDC4BB-113C-48D4-B4B9-1EE280C25B47}"
EndProject
Global
	GlobalSection(SolutionConfigurationPlatforms) = preSolution
		Debug|Any CPU = Debug|Any CPU
		Release|Any CPU = Release|Any CPU
	EndGlobalSection
	GlobalSection(ProjectConfigurationPlatforms) = postSolution
		{265160DB-11CB-4B03-8DD2-7A5E92BED81D}.Debug|Any CPU.ActiveCfg = Debug|Any CPU
		{265160DB-11CB-4B03-8DD2-7A5E92BED81D}.Debug|Any CPU.Build.0 = Debug|Any CPU
		{265160DB-11CB-4B03-8DD2-7A5E92BED81D}.Release|Any CPU.ActiveCfg = Release|Any CPU
		{265160DB-11CB-4B03-8DD2-7A5E92BED81D}.Release|Any CPU.Build.0 = Release|Any CPU
		{C2859A15-AC85-4186-9F7F-36C9778523D5}.Debug|Any CPU.ActiveCfg = Debug|Any CPU
		{C2859A15-AC85-4186-9F7F-36C9778523D5}.Debug|Any CPU.Build.0 = Debug|Any CPU
		{C2859A15-AC85-4186-9F7F-36C9778523D5}.Release|Any CPU.ActiveCfg = Release|Any CPU
		{C2859A15-AC85-4186-9F7F-36C9778523D5}.Release|Any CPU.Build.0 = Release|Any CPU
		{80BDC4BB-113C-48D4-B4B9-1EE280C25B47}.Debug|Any CPU.ActiveCfg = Debug|Any CPU
		{80BDC4BB-113C-48D4-B4B9-1EE280C25B47}.Debug|Any CPU.Build.0 = Debug|Any CPU
		{80BDC4BB-113C-48D4-B4B9-1EE280C25B47}.Release|Any CPU.ActiveCfg = Release|Any CPU
		{80BDC4BB-113C-48D4-B4B9-1EE280C25B47}.Release|Any CPU.Build.0 = Release|Any CPU
	EndGlobalSection
	GlobalSection(SolutionProperties) = preSolution
		HideSolutionNode = FALSE
	EndGlobalSection
	GlobalSection(ExtensibilityGlobals) = postSolution
		SolutionGuid = {2C0A8D6B-2774-400D-864B-5DDB37B8D4F7}
	EndGlobalSection
EndGlobal
